<Solution>
  <Folder Name="/WIP/">
    <Project Path="WIP/Wip.Agent.Basic/Wip.Agent.Basic.csproj" />
    <Project Path="WIP/Wip.Abstractions/Wip.Abstractions.csproj" />
    <Project Path="WIP/Wip.Artifacts.Local/Wip.Artifacts.Local.csproj" />
    <Project Path="WIP/Wip.Builder/Wip.Builder.csproj" />
    <Project Path="WIP/Wip.Modus/Wip.Modus.csproj" />
    <Project Path="WIP/Wip.Policy.LocalSafe/Wip.Policy.LocalSafe.csproj" />
    <Project Path="WIP/Wip.Runtime/Wip.Runtime.csproj" />
    <Project Path="WIP/Wip.Shell/Wip.Shell.csproj" />
    <Project Path="WIP/Wip.ShellHost/Wip.ShellHost.csproj" />
    <Project Path="WIP/Wip.Tools.Shell/Wip.Tools.Shell.csproj" />
    <Project Path="WIP/Wip.Validation.DotNet/Wip.Validation.DotNet.csproj" />
    <Project Path="WIP/Wip.Workspaces.Git/Wip.Workspaces.Git.csproj" />
    <Project Path="WIP/Wip.Abstractions.Tests/Wip.Abstractions.Tests.csproj" />
    <Project Path="WIP/Wip.Artifacts.Local.Tests/Wip.Artifacts.Local.Tests.csproj" />
    <Project Path="WIP/Wip.Builder.Tests/Wip.Builder.Tests.csproj" />
    <Project Path="WIP/Wip.Modus.Tests/Wip.Modus.Tests.csproj" />
    <Project Path="WIP/Wip.Policy.LocalSafe.Tests/Wip.Policy.LocalSafe.Tests.csproj" />
    <Project Path="WIP/Wip.Runtime.Tests/Wip.Runtime.Tests.csproj" />
    <Project Path="WIP/Wip.Shell.E2E.Tests/Wip.Shell.E2E.Tests.csproj" />
    <Project Path="WIP/Wip.Shell.Tests/Wip.Shell.Tests.csproj" />
    <Project Path="WIP/Wip.ShellHost.Tests/Wip.ShellHost.Tests.csproj" />
    <Project Path="WIP/Wip.Tools.Shell.Tests/Wip.Tools.Shell.Tests.csproj" />
    <Project Path="WIP/Wip.Validation.DotNet.Tests/Wip.Validation.DotNet.Tests.csproj" />
    <Project Path="WIP/Wip.Workspaces.Git.Tests/Wip.Workspaces.Git.Tests.csproj" />
  </Folder>
</Solution>